{
  "requires": true,
  "lockfileVersion": 1,
  "dependencies": {
    "@types/node": {
      "version": "9.6.47",
      "resolved": "https://registry.npmjs.org/@types/node/-/node-9.6.47.tgz",
      "integrity": "sha512-56wEJWXZs+3XXoTe/OCpdZ6czrONhy+6hT0GdPOb7HvudLTMJ1T5tuZPs37K5cPR5t+J9+vLPFDQgUQ8NWJE1w=="
    },
    "react-google-calendar-api": {
      "version": "1.0.10",
      "resolved": "https://registry.npmjs.org/react-google-calendar-api/-/react-google-calendar-api-1.0.10.tgz",
      "integrity": "sha512-xq+kiPyFVFbdYfRfLJaIhEGQIh6/yLPmtuV//4VPBijvuc+GBg9mgRJRu9iFGPQCH19WyA51Of08R44ivQ6CJA==",
      "requires": {
        "@types/node": "^9.6.39"
      }
    }
  }
}
